
Microsoft Visual Studio Solution File, Format Version 12.00
# Visual Studio Version 16
VisualStudioVersion = 16.0.29123.88
MinimumVisualStudioVersion = 10.0.40219.1
Project("{FAE04EC0-301F-11D3-BF4B-00C04F79EFBC}") = "Lemonade", "Lemonade\Lemonade.csproj", "{D3623750-B954-470C-A7E9-2E35FBE471B5}"
EndProject
Global
	GlobalSection(SolutionConfigurationPlatforms) = preSolution
		Debug|Any CPU = Debug|Any CPU
		Release|Any CPU = Release|Any CPU
	EndGlobalSection
	GlobalSection(ProjectConfigurationPlatforms) = postSolution
		{D3623750-B954-470C-A7E9-2E35FBE471B5}.Debug|Any CPU.ActiveCfg = Debug|Any CPU
		{D3623750-B954-470C-A7E9-2E35FBE471B5}.Debug|Any CPU.Build.0 = Debug|Any CPU
		{D3623750-B954-470C-A7E9-2E35FBE471B5}.Release|Any CPU.ActiveCfg = Release|Any CPU
		{D3623750-B954-470C-A7E9-2E35FBE471B5}.Release|Any CPU.Build.0 = Release|Any CPU
	EndGlobalSection
	GlobalSection(SolutionProperties) = preSolution
		HideSolutionNode = FALSE
	EndGlobalSection
	GlobalSection(ExtensibilityGlobals) = postSolution
		SolutionGuid = {F702CB22-1D8D-4D43-AD86-D15872F424D9}
	EndGlobalSection
EndGlobal
